
Microsoft Visual Studio Solution File, Format Version 12.00
# Visual Studio 15
VisualStudioVersion = 15.0.27004.2002
MinimumVisualStudioVersion = 10.0.40219.1
Project("{FAE04EC0-301F-11D3-BF4B-00C04F79EFBC}") = "Dziedziczenie", "Dziedziczenie\Dziedziczenie.csproj", "{B3232B65-899E-4D95-82D9-717B42160E76}"
EndProject
Global
	GlobalSection(SolutionConfigurationPlatforms) = preSolution
		Debug|Any CPU = Debug|Any CPU
		Release|Any CPU = Release|Any CPU
	EndGlobalSection
	GlobalSection(ProjectConfigurationPlatforms) = postSolution
		{B3232B65-899E-4D95-82D9-717B42160E76}.Debug|Any CPU.ActiveCfg = Debug|Any CPU
		{B3232B65-899E-4D95-82D9-717B42160E76}.Debug|Any CPU.Build.0 = Debug|Any CPU
		{B3232B65-899E-4D95-82D9-717B42160E76}.Release|Any CPU.ActiveCfg = Release|Any CPU
		{B3232B65-899E-4D95-82D9-717B42160E76}.Release|Any CPU.Build.0 = Release|Any CPU
	EndGlobalSection
	GlobalSection(SolutionProperties) = preSolution
		HideSolutionNode = FALSE
	EndGlobalSection
	GlobalSection(ExtensibilityGlobals) = postSolution
		SolutionGuid = {8C3FCADF-8037-45F4-B3FC-1D944C444FD1}
	EndGlobalSection
EndGlobal
